
Microsoft Visual Studio Solution File, Format Version 12.00
# Visual Studio 2015
Project("{FAE04EC0-301F-11D3-BF4B-00C04F79EFBC}") = "Exorcism.CSharp", "Exorcism.CSharp.csproj", "{32309C65-76DE-75FC-93BB-9AB9740466A8}"
EndProject
Project("{FAE04EC0-301F-11D3-BF4B-00C04F79EFBC}") = "Exorcism.CSharp.Editor", "Exorcism.CSharp.Editor.csproj", "{7B8F31D0-0B78-E11C-271F-67C718724E82}"
EndProject
Global
	GlobalSection(SolutionConfigurationPlatforms) = preSolution
		Debug|Any CPU = Debug|Any CPU
		Release|Any CPU = Release|Any CPU
	EndGlobalSection
	GlobalSection(ProjectConfigurationPlatforms) = postSolution
		{32309C65-76DE-75FC-93BB-9AB9740466A8}.Debug|Any CPU.ActiveCfg = Debug|Any CPU
		{32309C65-76DE-75FC-93BB-9AB9740466A8}.Debug|Any CPU.Build.0 = Debug|Any CPU
		{32309C65-76DE-75FC-93BB-9AB9740466A8}.Release|Any CPU.ActiveCfg = Release|Any CPU
		{32309C65-76DE-75FC-93BB-9AB9740466A8}.Release|Any CPU.Build.0 = Release|Any CPU
		{7B8F31D0-0B78-E11C-271F-67C718724E82}.Debug|Any CPU.ActiveCfg = Debug|Any CPU
		{7B8F31D0-0B78-E11C-271F-67C718724E82}.Debug|Any CPU.Build.0 = Debug|Any CPU
		{7B8F31D0-0B78-E11C-271F-67C718724E82}.Release|Any CPU.ActiveCfg = Release|Any CPU
		{7B8F31D0-0B78-E11C-271F-67C718724E82}.Release|Any CPU.Build.0 = Release|Any CPU
	EndGlobalSection
	GlobalSection(SolutionProperties) = preSolution
		HideSolutionNode = FALSE
	EndGlobalSection
EndGlobal
