Microsoft Visual Studio Solution File, Format Version 11.00
# Visual Studio 2008

Project("{FD02B9D0-448B-84F5-07FF-5F5545515872}") = "Exorcism", "Assembly-CSharp-firstpass.csproj", "{A42F920D-AE88-2702-8F59-A10242A4C435}"
EndProject
Project("{FD02B9D0-448B-84F5-07FF-5F5545515872}") = "Exorcism", "Assembly-CSharp.csproj", "{08E028F6-69C7-DF6A-12AF-E995EC162767}"
EndProject
Project("{FD02B9D0-448B-84F5-07FF-5F5545515872}") = "Exorcism", "Assembly-CSharp-Editor.csproj", "{5572E0D7-8850-64EF-E2EB-6583A8944991}"
EndProject
Project("{FD02B9D0-448B-84F5-07FF-5F5545515872}") = "Exorcism", "Assembly-UnityScript.unityproj", "{6D58CFB8-19B1-230E-06E7-F8D2F5325423}"
EndProject
Global
	GlobalSection(SolutionConfigurationPlatforms) = preSolution
		Debug|Any CPU = Debug|Any CPU
		Release|Any CPU = Release|Any CPU
	EndGlobalSection
	GlobalSection(ProjectConfigurationPlatforms) = postSolution
		{A42F920D-AE88-2702-8F59-A10242A4C435}.Debug|Any CPU.ActiveCfg = Debug|Any CPU
		{A42F920D-AE88-2702-8F59-A10242A4C435}.Debug|Any CPU.Build.0 = Debug|Any CPU
		{A42F920D-AE88-2702-8F59-A10242A4C435}.Release|Any CPU.ActiveCfg = Release|Any CPU
		{A42F920D-AE88-2702-8F59-A10242A4C435}.Release|Any CPU.Build.0 = Release|Any CPU
		{08E028F6-69C7-DF6A-12AF-E995EC162767}.Debug|Any CPU.ActiveCfg = Debug|Any CPU
		{08E028F6-69C7-DF6A-12AF-E995EC162767}.Debug|Any CPU.Build.0 = Debug|Any CPU
		{08E028F6-69C7-DF6A-12AF-E995EC162767}.Release|Any CPU.ActiveCfg = Release|Any CPU
		{08E028F6-69C7-DF6A-12AF-E995EC162767}.Release|Any CPU.Build.0 = Release|Any CPU
		{5572E0D7-8850-64EF-E2EB-6583A8944991}.Debug|Any CPU.ActiveCfg = Debug|Any CPU
		{5572E0D7-8850-64EF-E2EB-6583A8944991}.Debug|Any CPU.Build.0 = Debug|Any CPU
		{5572E0D7-8850-64EF-E2EB-6583A8944991}.Release|Any CPU.ActiveCfg = Release|Any CPU
		{5572E0D7-8850-64EF-E2EB-6583A8944991}.Release|Any CPU.Build.0 = Release|Any CPU
		{6D58CFB8-19B1-230E-06E7-F8D2F5325423}.Debug|Any CPU.ActiveCfg = Debug|Any CPU
		{6D58CFB8-19B1-230E-06E7-F8D2F5325423}.Debug|Any CPU.Build.0 = Debug|Any CPU
		{6D58CFB8-19B1-230E-06E7-F8D2F5325423}.Release|Any CPU.ActiveCfg = Release|Any CPU
		{6D58CFB8-19B1-230E-06E7-F8D2F5325423}.Release|Any CPU.Build.0 = Release|Any CPU
	EndGlobalSection
	GlobalSection(SolutionProperties) = preSolution
		HideSolutionNode = FALSE
	EndGlobalSection
	GlobalSection(MonoDevelopProperties) = preSolution
		StartupItem = Assembly-CSharp.csproj
	EndGlobalSection
EndGlobal
